
Microsoft Visual Studio Solution File, Format Version 12.00
# Visual Studio Version 17
VisualStudioVersion = 17.14.36121.58 d17.14
MinimumVisualStudioVersion = 10.0.40219.1
Project("{FAE04EC0-301F-11D3-BF4B-00C04F79EFBC}") = "Library Management System", "Library Management System\Library Management System.csproj", "{AE35EBA5-1CAD-4CB6-A882-F1347C5EBB97}"
EndProject
Global
	GlobalSection(SolutionConfigurationPlatforms) = preSolution
		Debug|Any CPU = Debug|Any CPU
		Release|Any CPU = Release|Any CPU
	EndGlobalSection
	GlobalSection(ProjectConfigurationPlatforms) = postSolution
		{AE35EBA5-1CAD-4CB6-A882-F1347C5EBB97}.Debug|Any CPU.ActiveCfg = Debug|Any CPU
		{AE35EBA5-1CAD-4CB6-A882-F1347C5EBB97}.Debug|Any CPU.Build.0 = Debug|Any CPU
		{AE35EBA5-1CAD-4CB6-A882-F1347C5EBB97}.Release|Any CPU.ActiveCfg = Release|Any CPU
		{AE35EBA5-1CAD-4CB6-A882-F1347C5EBB97}.Release|Any CPU.Build.0 = Release|Any CPU
	EndGlobalSection
	GlobalSection(SolutionProperties) = preSolution
		HideSolutionNode = FALSE
	EndGlobalSection
	GlobalSection(ExtensibilityGlobals) = postSolution
		SolutionGuid = {27B4C74C-FF3C-42EC-B346-C290E148CDB2}
	EndGlobalSection
EndGlobal
